// !$*UTF8*$!
{
	archiveVersion = 1;
	classes = {
	};
	objectVersion = 50;
	objects = {

/* Begin PBXBuildFile section */
		C3CD384B2499E8100068AD6B /* AppDelegate.swift in Sources */ = {isa = PBXBuildFile; fileRef = C3CD384A2499E8100068AD6B /* AppDelegate.swift */; };
		C3CD384D2499E8100068AD6B /* SceneDelegate.swift in Sources */ = {isa = PBXBuildFile; fileRef = C3CD384C2499E8100068AD6B /* SceneDelegate.swift */; };
		C3CD38522499E8100068AD6B /* Main.storyboard in Resources */ = {isa = PBXBuildFile; fileRef = C3CD38502499E8100068AD6B /* Main.storyboard */; };
		C3CD38542499E8110068AD6B /* Assets.xcassets in Resources */ = {isa = PBXBuildFile; fileRef = C3CD38532499E8110068AD6B /* Assets.xcassets */; };
		C3CD38572499E8110068AD6B /* LaunchScreen.storyboard in Resources */ = {isa = PBXBuildFile; fileRef = C3CD38552499E8110068AD6B /* LaunchScreen.storyboard */; };
		C3CD38622499E9390068AD6B /* MovieListScreen.swift in Sources */ = {isa = PBXBuildFile; fileRef = C3CD38612499E9390068AD6B /* MovieListScreen.swift */; };
		C3CD38642499E98A0068AD6B /* Movie.swift in Sources */ = {isa = PBXBuildFile; fileRef = C3CD38632499E98A0068AD6B /* Movie.swift */; };
		C3CD38662499EA240068AD6B /* Movies.swift in Sources */ = {isa = PBXBuildFile; fileRef = C3CD38652499EA240068AD6B /* Movies.swift */; };
		C3CD386D2499ECE50068AD6B /* MovieDetailScreen.swift in Sources */ = {isa = PBXBuildFile; fileRef = C3CD386C2499ECE50068AD6B /* MovieDetailScreen.swift */; };
/* End PBXBuildFile section */

/* Begin PBXFileReference section */
		C3CD38472499E8100068AD6B /* MovieProject.app */ = {isa = PBXFileReference; explicitFileType = wrapper.application; includeInIndex = 0; path = MovieProject.app; sourceTree = BUILT_PRODUCTS_DIR; };
		C3CD384A2499E8100068AD6B /* AppDelegate.swift */ = {isa = PBXFileReference; lastKnownFileType = sourcecode.swift; path = AppDelegate.swift; sourceTree = "<group>"; };
		C3CD384C2499E8100068AD6B /* SceneDelegate.swift */ = {isa = PBXFileReference; lastKnownFileType = sourcecode.swift; path = SceneDelegate.swift; sourceTree = "<group>"; };
		C3CD38512499E8100068AD6B /* Base */ = {isa = PBXFileReference; lastKnownFileType = file.storyboard; name = Base; path = Base.lproj/Main.storyboard; sourceTree = "<group>"; };
		C3CD38532499E8110068AD6B /* Assets.xcassets */ = {isa = PBXFileReference; lastKnownFileType = folder.assetcatalog; path = Assets.xcassets; sourceTree = "<group>"; };
		C3CD38562499E8110068AD6B /* Base */ = {isa = PBXFileReference; lastKnownFileType = file.storyboard; name = Base; path = Base.lproj/LaunchScreen.storyboard; sourceTree = "<group>"; };
		C3CD38582499E8110068AD6B /* Info.plist */ = {isa = PBXFileReference; lastKnownFileType = text.plist.xml; path = Info.plist; sourceTree = "<group>"; };
		C3CD38612499E9390068AD6B /* MovieListScreen.swift */ = {isa = PBXFileReference; lastKnownFileType = sourcecode.swift; path = MovieListScreen.swift; sourceTree = "<group>"; };
		C3CD38632499E98A0068AD6B /* Movie.swift */ = {isa = PBXFileReference; lastKnownFileType = sourcecode.swift; path = Movie.swift; sourceTree = "<group>"; };
		C3CD38652499EA240068AD6B /* Movies.swift */ = {isa = PBXFileReference; lastKnownFileType = sourcecode.swift; path = Movies.swift; sourceTree = "<group>"; };
		C3CD386C2499ECE50068AD6B /* MovieDetailScreen.swift */ = {isa = PBXFileReference; lastKnownFileType = sourcecode.swift; path = MovieDetailScreen.swift; sourceTree = "<group>"; };
/* End PBXFileReference section */

/* Begin PBXFrameworksBuildPhase section */
		C3CD38442499E8100068AD6B /* Frameworks */ = {
			isa = PBXFrameworksBuildPhase;
			buildActionMask = 2147483647;
			files = (
			);
			runOnlyForDeploymentPostprocessing = 0;
		};
/* End PBXFrameworksBuildPhase section */

/* Begin PBXGroup section */
		C3CD383E2499E8100068AD6B = {
			isa = PBXGroup;
			children = (
				C3CD38492499E8100068AD6B /* MovieProject */,
				C3CD38482499E8100068AD6B /* Products */,
			);
			sourceTree = "<group>";
		};
		C3CD38482499E8100068AD6B /* Products */ = {
			isa = PBXGroup;
			children = (
				C3CD38472499E8100068AD6B /* MovieProject.app */,
			);
			name = Products;
			sourceTree = "<group>";
		};
		C3CD38492499E8100068AD6B /* MovieProject */ = {
			isa = PBXGroup;
			children = (
				C3CD38602499E8240068AD6B /* Model */,
				C3CD385F2499E8200068AD6B /* View */,
				C3CD385E2499E81D0068AD6B /* Controller */,
				C3CD38672499EA7E0068AD6B /* Supporting Files */,
				C3CD38532499E8110068AD6B /* Assets.xcassets */,
				C3CD38582499E8110068AD6B /* Info.plist */,
			);
			path = MovieProject;
			sourceTree = "<group>";
		};
		C3CD385E2499E81D0068AD6B /* Controller */ = {
			isa = PBXGroup;
			children = (
				C3CD38612499E9390068AD6B /* MovieListScreen.swift */,
				C3CD386C2499ECE50068AD6B /* MovieDetailScreen.swift */,
			);
			path = Controller;
			sourceTree = "<group>";
		};
		C3CD385F2499E8200068AD6B /* View */ = {
			isa = PBXGroup;
			children = (
				C3CD38502499E8100068AD6B /* Main.storyboard */,
				C3CD38552499E8110068AD6B /* LaunchScreen.storyboard */,
			);
			path = View;
			sourceTree = "<group>";
		};
		C3CD38602499E8240068AD6B /* Model */ = {
			isa = PBXGroup;
			children = (
				C3CD38632499E98A0068AD6B /* Movie.swift */,
				C3CD38652499EA240068AD6B /* Movies.swift */,
			);
			path = Model;
			sourceTree = "<group>";
		};
		C3CD38672499EA7E0068AD6B /* Supporting Files */ = {
			isa = PBXGroup;
			children = (
				C3CD384A2499E8100068AD6B /* AppDelegate.swift */,
				C3CD384C2499E8100068AD6B /* SceneDelegate.swift */,
			);
			path = "Supporting Files";
			sourceTree = "<group>";
		};
/* End PBXGroup section */

/* Begin PBXNativeTarget section */
		C3CD38462499E8100068AD6B /* MovieProject */ = {
			isa = PBXNativeTarget;
			buildConfigurationList = C3CD385B2499E8110068AD6B /* Build configuration list for PBXNativeTarget "MovieProject" */;
			buildPhases = (
				C3CD38432499E8100068AD6B /* Sources */,
				C3CD38442499E8100068AD6B /* Frameworks */,
				C3CD38452499E8100068AD6B /* Resources */,
			);
			buildRules = (
			);
			dependencies = (
			);
			name = MovieProject;
			productName = MovieProject;
			productReference = C3CD38472499E8100068AD6B /* MovieProject.app */;
			productType = "com.apple.product-type.application";
		};
/* End PBXNativeTarget section */

/* Begin PBXProject section */
		C3CD383F2499E8100068AD6B /* Project object */ = {
			isa = PBXProject;
			attributes = {
				LastSwiftUpdateCheck = 1150;
				LastUpgradeCheck = 1150;
				ORGANIZATIONNAME = "Adir Noyman";
				TargetAttributes = {
					C3CD38462499E8100068AD6B = {
						CreatedOnToolsVersion = 11.5;
					};
				};
			};
			buildConfigurationList = C3CD38422499E8100068AD6B /* Build configuration list for PBXProject "MovieProject" */;
			compatibilityVersion = "Xcode 9.3";
			developmentRegion = en;
			hasScannedForEncodings = 0;
			knownRegions = (
				en,
				Base,
			);
			mainGroup = C3CD383E2499E8100068AD6B;
			productRefGroup = C3CD38482499E8100068AD6B /* Products */;
			projectDirPath = "";
			projectRoot = "";
			targets = (
				C3CD38462499E8100068AD6B /* MovieProject */,
			);
		};
/* End PBXProject section */

/* Begin PBXResourcesBuildPhase section */
		C3CD38452499E8100068AD6B /* Resources */ = {
			isa = PBXResourcesBuildPhase;
			buildActionMask = 2147483647;
			files = (
				C3CD38572499E8110068AD6B /* LaunchScreen.storyboard in Resources */,
				C3CD38542499E8110068AD6B /* Assets.xcassets in Resources */,
				C3CD38522499E8100068AD6B /* Main.storyboard in Resources */,
			);
			runOnlyForDeploymentPostprocessing = 0;
		};
/* End PBXResourcesBuildPhase section */

/* Begin PBXSourcesBuildPhase section */
		C3CD38432499E8100068AD6B /* Sources */ = {
			isa = PBXSourcesBuildPhase;
			buildActionMask = 2147483647;
			files = (
				C3CD38662499EA240068AD6B /* Movies.swift in Sources */,
				C3CD384B2499E8100068AD6B /* AppDelegate.swift in Sources */,
				C3CD384D2499E8100068AD6B /* SceneDelegate.swift in Sources */,
				C3CD386D2499ECE50068AD6B /* MovieDetailScreen.swift in Sources */,
				C3CD38642499E98A0068AD6B /* Movie.swift in Sources */,
				C3CD38622499E9390068AD6B /* MovieListScreen.swift in Sources */,
			);
			runOnlyForDeploymentPostprocessing = 0;
		};
/* End PBXSourcesBuildPhase section */

/* Begin PBXVariantGroup section */
		C3CD38502499E8100068AD6B /* Main.storyboard */ = {
			isa = PBXVariantGroup;
			children = (
				C3CD38512499E8100068AD6B /* Base */,
			);
			name = Main.storyboard;
			sourceTree = "<group>";
		};
		C3CD38552499E8110068AD6B /* LaunchScreen.storyboard */ = {
			isa = PBXVariantGroup;
			children = (
				C3CD38562499E8110068AD6B /* Base */,
			);
			name = LaunchScreen.storyboard;
			sourceTree = "<group>";
		};
/* End PBXVariantGroup section */

/* Begin XCBuildConfiguration section */
		C3CD38592499E8110068AD6B /* Debug */ = {
			isa = XCBuildConfiguration;
			buildSettings = {
				ALWAYS_SEARCH_USER_PATHS = NO;
				CLANG_ANALYZER_NONNULL = YES;
				CLANG_ANALYZER_NUMBER_OBJECT_CONVERSION = YES_AGGRESSIVE;
				CLANG_CXX_LANGUAGE_STANDARD = "gnu++14";
				CLANG_CXX_LIBRARY = "libc++";
				CLANG_ENABLE_MODULES = YES;
				CLANG_ENABLE_OBJC_ARC = YES;
				CLANG_ENABLE_OBJC_WEAK = YES;
				CLANG_WARN_BLOCK_CAPTURE_AUTORELEASING = YES;
				CLANG_WARN_BOOL_CONVERSION = YES;
				CLANG_WARN_COMMA = YES;
				CLANG_WARN_CONSTANT_CONVERSION = YES;
				CLANG_WARN_DEPRECATED_OBJC_IMPLEMENTATIONS = YES;
				CLANG_WARN_DIRECT_OBJC_ISA_USAGE = YES_ERROR;
				CLANG_WARN_DOCUMENTATION_COMMENTS = YES;
				CLANG_WARN_EMPTY_BODY = YES;
				CLANG_WARN_ENUM_CONVERSION = YES;
				CLANG_WARN_INFINITE_RECURSION = YES;
				CLANG_WARN_INT_CONVERSION = YES;
				CLANG_WARN_NON_LITERAL_NULL_CONVERSION = YES;
				CLANG_WARN_OBJC_IMPLICIT_RETAIN_SELF = YES;
				CLANG_WARN_OBJC_LITERAL_CONVERSION = YES;
				CLANG_WARN_OBJC_ROOT_CLASS = YES_ERROR;
				CLANG_WARN_RANGE_LOOP_ANALYSIS = YES;
				CLANG_WARN_STRICT_PROTOTYPES = YES;
				CLANG_WARN_SUSPICIOUS_MOVE = YES;
				CLANG_WARN_UNGUARDED_AVAILABILITY = YES_AGGRESSIVE;
				CLANG_WARN_UNREACHABLE_CODE = YES;
				CLANG_WARN__DUPLICATE_METHOD_MATCH = YES;
				COPY_PHASE_STRIP = NO;
				DEBUG_INFORMATION_FORMAT = dwarf;
				ENABLE_STRICT_OBJC_MSGSEND = YES;
				ENABLE_TESTABILITY = YES;
				GCC_C_LANGUAGE_STANDARD = gnu11;
				GCC_DYNAMIC_NO_PIC = NO;
				GCC_NO_COMMON_BLOCKS = YES;
				GCC_OPTIMIZATION_LEVEL = 0;
				GCC_PREPROCESSOR_DEFINITIONS = (
					"DEBUG=1",
					"$(inherited)",
				);
				GCC_WARN_64_TO_32_BIT_CONVERSION = YES;
				GCC_WARN_ABOUT_RETURN_TYPE = YES_ERROR;
				GCC_WARN_UNDECLARED_SELECTOR = YES;
				GCC_WARN_UNINITIALIZED_AUTOS = YES_AGGRESSIVE;
				GCC_WARN_UNUSED_FUNCTION = YES;
				GCC_WARN_UNUSED_VARIABLE = YES;
				IPHONEOS_DEPLOYMENT_TARGET = 13.5;
				MTL_ENABLE_DEBUG_INFO = INCLUDE_SOURCE;
				MTL_FAST_MATH = YES;
				ONLY_ACTIVE_ARCH = YES;
				SDKROOT = iphoneos;
				SWIFT_ACTIVE_COMPILATION_CONDITIONS = DEBUG;
				SWIFT_OPTIMIZATION_LEVEL = "-Onone";
			};
			name = Debug;
		};
		C3CD385A2499E8110068AD6B /* Release */ = {
			isa = XCBuildConfiguration;
			buildSettings = {
				ALWAYS_SEARCH_USER_PATHS = NO;
				CLANG_ANALYZER_NONNULL = YES;
				CLANG_ANALYZER_NUMBER_OBJECT_CONVERSION = YES_AGGRESSIVE;
				CLANG_CXX_LANGUAGE_STANDARD = "gnu++14";
				CLANG_CXX_LIBRARY = "libc++";
				CLANG_ENABLE_MODULES = YES;
				CLANG_ENABLE_OBJC_ARC = YES;
				CLANG_ENABLE_OBJC_WEAK = YES;
				CLANG_WARN_BLOCK_CAPTURE_AUTORELEASING = YES;
				CLANG_WARN_BOOL_CONVERSION = YES;
				CLANG_WARN_COMMA = YES;
				CLANG_WARN_CONSTANT_CONVERSION = YES;
				CLANG_WARN_DEPRECATED_OBJC_IMPLEMENTATIONS = YES;
				CLANG_WARN_DIRECT_OBJC_ISA_USAGE = YES_ERROR;
				CLANG_WARN_DOCUMENTATION_COMMENTS = YES;
				CLANG_WARN_EMPTY_BODY = YES;
				CLANG_WARN_ENUM_CONVERSION = YES;
				CLANG_WARN_INFINITE_RECURSION = YES;
				CLANG_WARN_INT_CONVERSION = YES;
				CLANG_WARN_NON_LITERAL_NULL_CONVERSION = YES;
				CLANG_WARN_OBJC_IMPLICIT_RETAIN_SELF = YES;
				CLANG_WARN_OBJC_LITERAL_CONVERSION = YES;
				CLANG_WARN_OBJC_ROOT_CLASS = YES_ERROR;
				CLANG_WARN_RANGE_LOOP_ANALYSIS = YES;
				CLANG_WARN_STRICT_PROTOTYPES = YES;
				CLANG_WARN_SUSPICIOUS_MOVE = YES;
				CLANG_WARN_UNGUARDED_AVAILABILITY = YES_AGGRESSIVE;
				CLANG_WARN_UNREACHABLE_CODE = YES;
				CLANG_WARN__DUPLICATE_METHOD_MATCH = YES;
				COPY_PHASE_STRIP = NO;
				DEBUG_INFORMATION_FORMAT = "dwarf-with-dsym";
				ENABLE_NS_ASSERTIONS = NO;
				ENABLE_STRICT_OBJC_MSGSEND = YES;
				GCC_C_LANGUAGE_STANDARD = gnu11;
				GCC_NO_COMMON_BLOCKS = YES;
				GCC_WARN_64_TO_32_BIT_CONVERSION = YES;
				GCC_WARN_ABOUT_RETURN_TYPE = YES_ERROR;
				GCC_WARN_UNDECLARED_SELECTOR = YES;
				GCC_WARN_UNINITIALIZED_AUTOS = YES_AGGRESSIVE;
				GCC_WARN_UNUSED_FUNCTION = YES;
				GCC_WARN_UNUSED_VARIABLE = YES;
				IPHONEOS_DEPLOYMENT_TARGET = 13.5;
				MTL_ENABLE_DEBUG_INFO = NO;
				MTL_FAST_MATH = YES;
				SDKROOT = iphoneos;
				SWIFT_COMPILATION_MODE = wholemodule;
				SWIFT_OPTIMIZATION_LEVEL = "-O";
				VALIDATE_PRODUCT = YES;
			};
			name = Release;
		};
		C3CD385C2499E8110068AD6B /* Debug */ = {
			isa = XCBuildConfiguration;
			buildSettings = {
				ASSETCATALOG_COMPILER_APPICON_NAME = AppIcon;
				CODE_SIGN_STYLE = Automatic;
				DEVELOPMENT_TEAM = UNV3HY4VXS;
				INFOPLIST_FILE = MovieProject/Info.plist;
				LD_RUNPATH_SEARCH_PATHS = (
					"$(inherited)",
					"@executable_path/Frameworks",
				);
				PRODUCT_BUNDLE_IDENTIFIER = com.adiros.MovieProject;
				PRODUCT_NAME = "$(TARGET_NAME)";
				SWIFT_VERSION = 5.0;
				TARGETED_DEVICE_FAMILY = "1,2";
			};
			name = Debug;
		};
		C3CD385D2499E8110068AD6B /* Release */ = {
			isa = XCBuildConfiguration;
			buildSettings = {
				ASSETCATALOG_COMPILER_APPICON_NAME = AppIcon;
				CODE_SIGN_STYLE = Automatic;
				DEVELOPMENT_TEAM = UNV3HY4VXS;
				INFOPLIST_FILE = MovieProject/Info.plist;
				LD_RUNPATH_SEARCH_PATHS = (
					"$(inherited)",
					"@executable_path/Frameworks",
				);
				PRODUCT_BUNDLE_IDENTIFIER = com.adiros.MovieProject;
				PRODUCT_NAME = "$(TARGET_NAME)";
				SWIFT_VERSION = 5.0;
				TARGETED_DEVICE_FAMILY = "1,2";
			};
			name = Release;
		};
/* End XCBuildConfiguration section */

/* Begin XCConfigurationList section */
		C3CD38422499E8100068AD6B /* Build configuration list for PBXProject "MovieProject" */ = {
			isa = XCConfigurationList;
			buildConfigurations = (
				C3CD38592499E8110068AD6B /* Debug */,
				C3CD385A2499E8110068AD6B /* Release */,
			);
			defaultConfigurationIsVisible = 0;
			defaultConfigurationName = Release;
		};
		C3CD385B2499E8110068AD6B /* Build configuration list for PBXNativeTarget "MovieProject" */ = {
			isa = XCConfigurationList;
			buildConfigurations = (
				C3CD385C2499E8110068AD6B /* Debug */,
				C3CD385D2499E8110068AD6B /* Release */,
			);
			defaultConfigurationIsVisible = 0;
			defaultConfigurationName = Release;
		};
/* End XCConfigurationList section */
	};
	rootObject = C3CD383F2499E8100068AD6B /* Project object */;
}
